
Microsoft Visual Studio Solution File, Format Version 12.00
# Visual Studio Version 17
VisualStudioVersion = 17.9.34701.34
MinimumVisualStudioVersion = 10.0.40219.1
Project("{FAE04EC0-301F-11D3-BF4B-00C04F79EFBC}") = "PersonalProjectManagementTool.API", "PersonalProjectManagementTool.API\PersonalProjectManagementTool.API.csproj", "{2C49AED4-1B29-4735-8546-29E6D50D321E}"
EndProject
Global
	GlobalSection(SolutionConfigurationPlatforms) = preSolution
		Debug|Any CPU = Debug|Any CPU
		Release|Any CPU = Release|Any CPU
	EndGlobalSection
	GlobalSection(ProjectConfigurationPlatforms) = postSolution
		{2C49AED4-1B29-4735-8546-29E6D50D321E}.Debug|Any CPU.ActiveCfg = Debug|Any CPU
		{2C49AED4-1B29-4735-8546-29E6D50D321E}.Debug|Any CPU.Build.0 = Debug|Any CPU
		{2C49AED4-1B29-4735-8546-29E6D50D321E}.Release|Any CPU.ActiveCfg = Release|Any CPU
		{2C49AED4-1B29-4735-8546-29E6D50D321E}.Release|Any CPU.Build.0 = Release|Any CPU
	EndGlobalSection
	GlobalSection(SolutionProperties) = preSolution
		HideSolutionNode = FALSE
	EndGlobalSection
	GlobalSection(ExtensibilityGlobals) = postSolution
		SolutionGuid = {9C4B33CC-F30C-4D76-8D32-354420984469}
	EndGlobalSection
EndGlobal
